// !$*UTF8*$!
{
	archiveVersion = 1;
	classes = {
	};
	objectVersion = 46;
	objects = {

/* Begin PBXBuildFile section */
		878254AFEE37AD678D211C88 /* Pods_UpSteam.framework in Frameworks */ = {isa = PBXBuildFile; fileRef = 7204CEA8389996F775EF6710 /* Pods_UpSteam.framework */; };
		90B7722F1DFB278000ABA357 /* ServicesStateProcessor.swift in Sources */ = {isa = PBXBuildFile; fileRef = 90B7722E1DFB278000ABA357 /* ServicesStateProcessor.swift */; };
		90B772311DFB282300ABA357 /* SteamGaugeServicesStateProvider.swift in Sources */ = {isa = PBXBuildFile; fileRef = 90B772301DFB282300ABA357 /* SteamGaugeServicesStateProvider.swift */; };
		90F373851DFB055A007763D7 /* AppDelegate.swift in Sources */ = {isa = PBXBuildFile; fileRef = 90F373841DFB055A007763D7 /* AppDelegate.swift */; };
		90F373871DFB055A007763D7 /* ViewController.swift in Sources */ = {isa = PBXBuildFile; fileRef = 90F373861DFB055A007763D7 /* ViewController.swift */; };
		90F3738A1DFB055A007763D7 /* Main.storyboard in Resources */ = {isa = PBXBuildFile; fileRef = 90F373881DFB055A007763D7 /* Main.storyboard */; };
		90F3738D1DFB055A007763D7 /* UpSteam.xcdatamodeld in Sources */ = {isa = PBXBuildFile; fileRef = 90F3738B1DFB055A007763D7 /* UpSteam.xcdatamodeld */; };
		90F3738F1DFB055A007763D7 /* Assets.xcassets in Resources */ = {isa = PBXBuildFile; fileRef = 90F3738E1DFB055A007763D7 /* Assets.xcassets */; };
		90F373921DFB055A007763D7 /* LaunchScreen.storyboard in Resources */ = {isa = PBXBuildFile; fileRef = 90F373901DFB055A007763D7 /* LaunchScreen.storyboard */; };
		90F3739A1DFB145C007763D7 /* GamesView.swift in Sources */ = {isa = PBXBuildFile; fileRef = 90F373991DFB145C007763D7 /* GamesView.swift */; };
/* End PBXBuildFile section */

/* Begin PBXFileReference section */
		7204CEA8389996F775EF6710 /* Pods_UpSteam.framework */ = {isa = PBXFileReference; explicitFileType = wrapper.framework; includeInIndex = 0; path = Pods_UpSteam.framework; sourceTree = BUILT_PRODUCTS_DIR; };
		7266196440A3242AA802600A /* Pods-UpSteam.debug.xcconfig */ = {isa = PBXFileReference; includeInIndex = 1; lastKnownFileType = text.xcconfig; name = "Pods-UpSteam.debug.xcconfig"; path = "Pods/Target Support Files/Pods-UpSteam/Pods-UpSteam.debug.xcconfig"; sourceTree = "<group>"; };
		90B7722E1DFB278000ABA357 /* ServicesStateProcessor.swift */ = {isa = PBXFileReference; fileEncoding = 4; lastKnownFileType = sourcecode.swift; path = ServicesStateProcessor.swift; sourceTree = "<group>"; };
		90B772301DFB282300ABA357 /* SteamGaugeServicesStateProvider.swift */ = {isa = PBXFileReference; fileEncoding = 4; lastKnownFileType = sourcecode.swift; path = SteamGaugeServicesStateProvider.swift; sourceTree = "<group>"; };
		90F373811DFB055A007763D7 /* UpSteam.app */ = {isa = PBXFileReference; explicitFileType = wrapper.application; includeInIndex = 0; path = UpSteam.app; sourceTree = BUILT_PRODUCTS_DIR; };
		90F373841DFB055A007763D7 /* AppDelegate.swift */ = {isa = PBXFileReference; lastKnownFileType = sourcecode.swift; path = AppDelegate.swift; sourceTree = "<group>"; };
		90F373861DFB055A007763D7 /* ViewController.swift */ = {isa = PBXFileReference; lastKnownFileType = sourcecode.swift; path = ViewController.swift; sourceTree = "<group>"; };
		90F373891DFB055A007763D7 /* Base */ = {isa = PBXFileReference; lastKnownFileType = file.storyboard; name = Base; path = Base.lproj/Main.storyboard; sourceTree = "<group>"; };
		90F3738C1DFB055A007763D7 /* UpSteam.xcdatamodel */ = {isa = PBXFileReference; lastKnownFileType = wrapper.xcdatamodel; path = UpSteam.xcdatamodel; sourceTree = "<group>"; };
		90F3738E1DFB055A007763D7 /* Assets.xcassets */ = {isa = PBXFileReference; lastKnownFileType = folder.assetcatalog; path = Assets.xcassets; sourceTree = "<group>"; };
		90F373911DFB055A007763D7 /* Base */ = {isa = PBXFileReference; lastKnownFileType = file.storyboard; name = Base; path = Base.lproj/LaunchScreen.storyboard; sourceTree = "<group>"; };
		90F373931DFB055A007763D7 /* Info.plist */ = {isa = PBXFileReference; lastKnownFileType = text.plist.xml; path = Info.plist; sourceTree = "<group>"; };
		90F373991DFB145C007763D7 /* GamesView.swift */ = {isa = PBXFileReference; fileEncoding = 4; lastKnownFileType = sourcecode.swift; path = GamesView.swift; sourceTree = "<group>"; };
		F49F275D18FEAB18D9785D42 /* Pods-UpSteam.release.xcconfig */ = {isa = PBXFileReference; includeInIndex = 1; lastKnownFileType = text.xcconfig; name = "Pods-UpSteam.release.xcconfig"; path = "Pods/Target Support Files/Pods-UpSteam/Pods-UpSteam.release.xcconfig"; sourceTree = "<group>"; };
/* End PBXFileReference section */

/* Begin PBXFrameworksBuildPhase section */
		90F3737E1DFB055A007763D7 /* Frameworks */ = {
			isa = PBXFrameworksBuildPhase;
			buildActionMask = 2147483647;
			files = (
				878254AFEE37AD678D211C88 /* Pods_UpSteam.framework in Frameworks */,
			);
			runOnlyForDeploymentPostprocessing = 0;
		};
/* End PBXFrameworksBuildPhase section */

/* Begin PBXGroup section */
		90F373781DFB055A007763D7 = {
			isa = PBXGroup;
			children = (
				90F373831DFB055A007763D7 /* UpSteam */,
				90F373821DFB055A007763D7 /* Products */,
				A2375D9CBB1534DA1A05055F /* Pods */,
				F806ECDD32514C7DD8B6E4B4 /* Frameworks */,
			);
			sourceTree = "<group>";
		};
		90F373821DFB055A007763D7 /* Products */ = {
			isa = PBXGroup;
			children = (
				90F373811DFB055A007763D7 /* UpSteam.app */,
			);
			name = Products;
			sourceTree = "<group>";
		};
		90F373831DFB055A007763D7 /* UpSteam */ = {
			isa = PBXGroup;
			children = (
				90F373841DFB055A007763D7 /* AppDelegate.swift */,
				90F373861DFB055A007763D7 /* ViewController.swift */,
				90F373881DFB055A007763D7 /* Main.storyboard */,
				90F3738E1DFB055A007763D7 /* Assets.xcassets */,
				90F373901DFB055A007763D7 /* LaunchScreen.storyboard */,
				90F373931DFB055A007763D7 /* Info.plist */,
				90F3738B1DFB055A007763D7 /* UpSteam.xcdatamodeld */,
				90F373991DFB145C007763D7 /* GamesView.swift */,
				90B7722E1DFB278000ABA357 /* ServicesStateProcessor.swift */,
				90B772301DFB282300ABA357 /* SteamGaugeServicesStateProvider.swift */,
			);
			path = UpSteam;
			sourceTree = "<group>";
		};
		A2375D9CBB1534DA1A05055F /* Pods */ = {
			isa = PBXGroup;
			children = (
				7266196440A3242AA802600A /* Pods-UpSteam.debug.xcconfig */,
				F49F275D18FEAB18D9785D42 /* Pods-UpSteam.release.xcconfig */,
			);
			name = Pods;
			sourceTree = "<group>";
		};
		F806ECDD32514C7DD8B6E4B4 /* Frameworks */ = {
			isa = PBXGroup;
			children = (
				7204CEA8389996F775EF6710 /* Pods_UpSteam.framework */,
			);
			name = Frameworks;
			sourceTree = "<group>";
		};
/* End PBXGroup section */

/* Begin PBXNativeTarget section */
		90F373801DFB055A007763D7 /* UpSteam */ = {
			isa = PBXNativeTarget;
			buildConfigurationList = 90F373961DFB055A007763D7 /* Build configuration list for PBXNativeTarget "UpSteam" */;
			buildPhases = (
				9053A9642484600338F43444 /* [CP] Check Pods Manifest.lock */,
				90F3737D1DFB055A007763D7 /* Sources */,
				90F3737E1DFB055A007763D7 /* Frameworks */,
				90F3737F1DFB055A007763D7 /* Resources */,
				2664701A3C52708C7CFFCC8D /* [CP] Embed Pods Frameworks */,
				8877B3AE0AD05E09516DE612 /* [CP] Copy Pods Resources */,
			);
			buildRules = (
			);
			dependencies = (
			);
			name = UpSteam;
			productName = UpSteam;
			productReference = 90F373811DFB055A007763D7 /* UpSteam.app */;
			productType = "com.apple.product-type.application";
		};
/* End PBXNativeTarget section */

/* Begin PBXProject section */
		90F373791DFB055A007763D7 /* Project object */ = {
			isa = PBXProject;
			attributes = {
				LastSwiftUpdateCheck = 0810;
				LastUpgradeCheck = 0810;
				ORGANIZATIONNAME = FilipeJrd;
				TargetAttributes = {
					90F373801DFB055A007763D7 = {
						CreatedOnToolsVersion = 8.1;
						DevelopmentTeam = R9WHX95423;
						LastSwiftMigration = 0810;
						ProvisioningStyle = Automatic;
					};
				};
			};
			buildConfigurationList = 90F3737C1DFB055A007763D7 /* Build configuration list for PBXProject "UpSteam" */;
			compatibilityVersion = "Xcode 3.2";
			developmentRegion = English;
			hasScannedForEncodings = 0;
			knownRegions = (
				en,
				Base,
			);
			mainGroup = 90F373781DFB055A007763D7;
			productRefGroup = 90F373821DFB055A007763D7 /* Products */;
			projectDirPath = "";
			projectRoot = "";
			targets = (
				90F373801DFB055A007763D7 /* UpSteam */,
			);
		};
/* End PBXProject section */

/* Begin PBXResourcesBuildPhase section */
		90F3737F1DFB055A007763D7 /* Resources */ = {
			isa = PBXResourcesBuildPhase;
			buildActionMask = 2147483647;
			files = (
				90F373921DFB055A007763D7 /* LaunchScreen.storyboard in Resources */,
				90F3738F1DFB055A007763D7 /* Assets.xcassets in Resources */,
				90F3738A1DFB055A007763D7 /* Main.storyboard in Resources */,
			);
			runOnlyForDeploymentPostprocessing = 0;
		};
/* End PBXResourcesBuildPhase section */

/* Begin PBXShellScriptBuildPhase section */
		2664701A3C52708C7CFFCC8D /* [CP] Embed Pods Frameworks */ = {
			isa = PBXShellScriptBuildPhase;
			buildActionMask = 2147483647;
			files = (
			);
			inputPaths = (
			);
			name = "[CP] Embed Pods Frameworks";
			outputPaths = (
			);
			runOnlyForDeploymentPostprocessing = 0;
			shellPath = /bin/sh;
			shellScript = "\"${SRCROOT}/Pods/Target Support Files/Pods-UpSteam/Pods-UpSteam-frameworks.sh\"\n";
			showEnvVarsInLog = 0;
		};
		8877B3AE0AD05E09516DE612 /* [CP] Copy Pods Resources */ = {
			isa = PBXShellScriptBuildPhase;
			buildActionMask = 2147483647;
			files = (
			);
			inputPaths = (
			);
			name = "[CP] Copy Pods Resources";
			outputPaths = (
			);
			runOnlyForDeploymentPostprocessing = 0;
			shellPath = /bin/sh;
			shellScript = "\"${SRCROOT}/Pods/Target Support Files/Pods-UpSteam/Pods-UpSteam-resources.sh\"\n";
			showEnvVarsInLog = 0;
		};
		9053A9642484600338F43444 /* [CP] Check Pods Manifest.lock */ = {
			isa = PBXShellScriptBuildPhase;
			buildActionMask = 2147483647;
			files = (
			);
			inputPaths = (
			);
			name = "[CP] Check Pods Manifest.lock";
			outputPaths = (
			);
			runOnlyForDeploymentPostprocessing = 0;
			shellPath = /bin/sh;
			shellScript = "diff \"${PODS_ROOT}/../Podfile.lock\" \"${PODS_ROOT}/Manifest.lock\" > /dev/null\nif [[ $? != 0 ]] ; then\n    cat << EOM\nerror: The sandbox is not in sync with the Podfile.lock. Run 'pod install' or update your CocoaPods installation.\nEOM\n    exit 1\nfi\n";
			showEnvVarsInLog = 0;
		};
/* End PBXShellScriptBuildPhase section */

/* Begin PBXSourcesBuildPhase section */
		90F3737D1DFB055A007763D7 /* Sources */ = {
			isa = PBXSourcesBuildPhase;
			buildActionMask = 2147483647;
			files = (
				90F373871DFB055A007763D7 /* ViewController.swift in Sources */,
				90F373851DFB055A007763D7 /* AppDelegate.swift in Sources */,
				90B7722F1DFB278000ABA357 /* ServicesStateProcessor.swift in Sources */,
				90F3739A1DFB145C007763D7 /* GamesView.swift in Sources */,
				90F3738D1DFB055A007763D7 /* UpSteam.xcdatamodeld in Sources */,
				90B772311DFB282300ABA357 /* SteamGaugeServicesStateProvider.swift in Sources */,
			);
			runOnlyForDeploymentPostprocessing = 0;
		};
/* End PBXSourcesBuildPhase section */

/* Begin PBXVariantGroup section */
		90F373881DFB055A007763D7 /* Main.storyboard */ = {
			isa = PBXVariantGroup;
			children = (
				90F373891DFB055A007763D7 /* Base */,
			);
			name = Main.storyboard;
			sourceTree = "<group>";
		};
		90F373901DFB055A007763D7 /* LaunchScreen.storyboard */ = {
			isa = PBXVariantGroup;
			children = (
				90F373911DFB055A007763D7 /* Base */,
			);
			name = LaunchScreen.storyboard;
			sourceTree = "<group>";
		};
/* End PBXVariantGroup section */

/* Begin XCBuildConfiguration section */
		90F373941DFB055A007763D7 /* Debug */ = {
			isa = XCBuildConfiguration;
			buildSettings = {
				ALWAYS_SEARCH_USER_PATHS = NO;
				CLANG_ANALYZER_NONNULL = YES;
				CLANG_CXX_LANGUAGE_STANDARD = "gnu++0x";
				CLANG_CXX_LIBRARY = "libc++";
				CLANG_ENABLE_MODULES = YES;
				CLANG_ENABLE_OBJC_ARC = YES;
				CLANG_WARN_BOOL_CONVERSION = YES;
				CLANG_WARN_CONSTANT_CONVERSION = YES;
				CLANG_WARN_DIRECT_OBJC_ISA_USAGE = YES_ERROR;
				CLANG_WARN_DOCUMENTATION_COMMENTS = YES;
				CLANG_WARN_EMPTY_BODY = YES;
				CLANG_WARN_ENUM_CONVERSION = YES;
				CLANG_WARN_INFINITE_RECURSION = YES;
				CLANG_WARN_INT_CONVERSION = YES;
				CLANG_WARN_OBJC_ROOT_CLASS = YES_ERROR;
				CLANG_WARN_SUSPICIOUS_MOVES = YES;
				CLANG_WARN_UNREACHABLE_CODE = YES;
				CLANG_WARN__DUPLICATE_METHOD_MATCH = YES;
				"CODE_SIGN_IDENTITY[sdk=iphoneos*]" = "iPhone Developer";
				COPY_PHASE_STRIP = NO;
				DEBUG_INFORMATION_FORMAT = dwarf;
				ENABLE_STRICT_OBJC_MSGSEND = YES;
				ENABLE_TESTABILITY = YES;
				GCC_C_LANGUAGE_STANDARD = gnu99;
				GCC_DYNAMIC_NO_PIC = NO;
				GCC_NO_COMMON_BLOCKS = YES;
				GCC_OPTIMIZATION_LEVEL = 0;
				GCC_PREPROCESSOR_DEFINITIONS = (
					"DEBUG=1",
					"$(inherited)",
				);
				GCC_WARN_64_TO_32_BIT_CONVERSION = YES;
				GCC_WARN_ABOUT_RETURN_TYPE = YES_ERROR;
				GCC_WARN_UNDECLARED_SELECTOR = YES;
				GCC_WARN_UNINITIALIZED_AUTOS = YES_AGGRESSIVE;
				GCC_WARN_UNUSED_FUNCTION = YES;
				GCC_WARN_UNUSED_VARIABLE = YES;
				IPHONEOS_DEPLOYMENT_TARGET = 10.1;
				MTL_ENABLE_DEBUG_INFO = YES;
				ONLY_ACTIVE_ARCH = YES;
				SDKROOT = iphoneos;
				SWIFT_ACTIVE_COMPILATION_CONDITIONS = DEBUG;
				SWIFT_OPTIMIZATION_LEVEL = "-Onone";
				TARGETED_DEVICE_FAMILY = "1,2";
			};
			name = Debug;
		};
		90F373951DFB055A007763D7 /* Release */ = {
			isa = XCBuildConfiguration;
			buildSettings = {
				ALWAYS_SEARCH_USER_PATHS = NO;
				CLANG_ANALYZER_NONNULL = YES;
				CLANG_CXX_LANGUAGE_STANDARD = "gnu++0x";
				CLANG_CXX_LIBRARY = "libc++";
				CLANG_ENABLE_MODULES = YES;
				CLANG_ENABLE_OBJC_ARC = YES;
				CLANG_WARN_BOOL_CONVERSION = YES;
				CLANG_WARN_CONSTANT_CONVERSION = YES;
				CLANG_WARN_DIRECT_OBJC_ISA_USAGE = YES_ERROR;
				CLANG_WARN_DOCUMENTATION_COMMENTS = YES;
				CLANG_WARN_EMPTY_BODY = YES;
				CLANG_WARN_ENUM_CONVERSION = YES;
				CLANG_WARN_INFINITE_RECURSION = YES;
				CLANG_WARN_INT_CONVERSION = YES;
				CLANG_WARN_OBJC_ROOT_CLASS = YES_ERROR;
				CLANG_WARN_SUSPICIOUS_MOVES = YES;
				CLANG_WARN_UNREACHABLE_CODE = YES;
				CLANG_WARN__DUPLICATE_METHOD_MATCH = YES;
				"CODE_SIGN_IDENTITY[sdk=iphoneos*]" = "iPhone Developer";
				COPY_PHASE_STRIP = NO;
				DEBUG_INFORMATION_FORMAT = "dwarf-with-dsym";
				ENABLE_NS_ASSERTIONS = NO;
				ENABLE_STRICT_OBJC_MSGSEND = YES;
				GCC_C_LANGUAGE_STANDARD = gnu99;
				GCC_NO_COMMON_BLOCKS = YES;
				GCC_WARN_64_TO_32_BIT_CONVERSION = YES;
				GCC_WARN_ABOUT_RETURN_TYPE = YES_ERROR;
				GCC_WARN_UNDECLARED_SELECTOR = YES;
				GCC_WARN_UNINITIALIZED_AUTOS = YES_AGGRESSIVE;
				GCC_WARN_UNUSED_FUNCTION = YES;
				GCC_WARN_UNUSED_VARIABLE = YES;
				IPHONEOS_DEPLOYMENT_TARGET = 10.1;
				MTL_ENABLE_DEBUG_INFO = NO;
				SDKROOT = iphoneos;
				SWIFT_OPTIMIZATION_LEVEL = "-Owholemodule";
				TARGETED_DEVICE_FAMILY = "1,2";
				VALIDATE_PRODUCT = YES;
			};
			name = Release;
		};
		90F373971DFB055A007763D7 /* Debug */ = {
			isa = XCBuildConfiguration;
			baseConfigurationReference = 7266196440A3242AA802600A /* Pods-UpSteam.debug.xcconfig */;
			buildSettings = {
				ASSETCATALOG_COMPILER_APPICON_NAME = AppIcon;
				DEVELOPMENT_TEAM = R9WHX95423;
				INFOPLIST_FILE = UpSteam/Info.plist;
				LD_RUNPATH_SEARCH_PATHS = "$(inherited) @executable_path/Frameworks";
				PRODUCT_BUNDLE_IDENTIFIER = me.filipejrd.UpSteam;
				PRODUCT_NAME = "$(TARGET_NAME)";
				SWIFT_VERSION = 3.0;
			};
			name = Debug;
		};
		90F373981DFB055A007763D7 /* Release */ = {
			isa = XCBuildConfiguration;
			baseConfigurationReference = F49F275D18FEAB18D9785D42 /* Pods-UpSteam.release.xcconfig */;
			buildSettings = {
				ASSETCATALOG_COMPILER_APPICON_NAME = AppIcon;
				DEVELOPMENT_TEAM = R9WHX95423;
				INFOPLIST_FILE = UpSteam/Info.plist;
				LD_RUNPATH_SEARCH_PATHS = "$(inherited) @executable_path/Frameworks";
				PRODUCT_BUNDLE_IDENTIFIER = me.filipejrd.UpSteam;
				PRODUCT_NAME = "$(TARGET_NAME)";
				SWIFT_VERSION = 3.0;
			};
			name = Release;
		};
/* End XCBuildConfiguration section */

/* Begin XCConfigurationList section */
		90F3737C1DFB055A007763D7 /* Build configuration list for PBXProject "UpSteam" */ = {
			isa = XCConfigurationList;
			buildConfigurations = (
				90F373941DFB055A007763D7 /* Debug */,
				90F373951DFB055A007763D7 /* Release */,
			);
			defaultConfigurationIsVisible = 0;
			defaultConfigurationName = Release;
		};
		90F373961DFB055A007763D7 /* Build configuration list for PBXNativeTarget "UpSteam" */ = {
			isa = XCConfigurationList;
			buildConfigurations = (
				90F373971DFB055A007763D7 /* Debug */,
				90F373981DFB055A007763D7 /* Release */,
			);
			defaultConfigurationIsVisible = 0;
			defaultConfigurationName = Release;
		};
/* End XCConfigurationList section */

/* Begin XCVersionGroup section */
		90F3738B1DFB055A007763D7 /* UpSteam.xcdatamodeld */ = {
			isa = XCVersionGroup;
			children = (
				90F3738C1DFB055A007763D7 /* UpSteam.xcdatamodel */,
			);
			currentVersion = 90F3738C1DFB055A007763D7 /* UpSteam.xcdatamodel */;
			path = UpSteam.xcdatamodeld;
			sourceTree = "<group>";
			versionGroupType = wrapper.xcdatamodel;
		};
/* End XCVersionGroup section */
	};
	rootObject = 90F373791DFB055A007763D7 /* Project object */;
}
